dependencies:
  espressif/esp-nn:
    component_hash: f6f2851ce82137a66e4265071c9b852bbe0130b882a18dea9f03faea7bf1295a
    source:
      service_url: https://api.components.espressif.com/
      type: service
    version: 1.1.0
  idf:
    component_hash: null
    source:
      type: idf
    version: 5.3.1
manifest_hash: e010b537eee698218ca6e8bed5037290beb93024149db28394e43749de590a68
target: esp32
version: 1.0.0
